
Microsoft Visual Studio Solution File, Format Version 12.00
# Visual Studio Version 17
VisualStudioVersion = 17.7.34018.315
MinimumVisualStudioVersion = 10.0.40219.1
Project("{FAE04EC0-301F-11D3-BF4B-00C04F79EFBC}") = "practicaparcial", "practicaparcial\practicaparcial.csproj", "{6AE395BE-2AF2-4693-990E-BB0271F01825}"
EndProject
Global
	GlobalSection(SolutionConfigurationPlatforms) = preSolution
		Debug|Any CPU = Debug|Any CPU
		Release|Any CPU = Release|Any CPU
	EndGlobalSection
	GlobalSection(ProjectConfigurationPlatforms) = postSolution
		{6AE395BE-2AF2-4693-990E-BB0271F01825}.Debug|Any CPU.ActiveCfg = Debug|Any CPU
		{6AE395BE-2AF2-4693-990E-BB0271F01825}.Debug|Any CPU.Build.0 = Debug|Any CPU
		{6AE395BE-2AF2-4693-990E-BB0271F01825}.Release|Any CPU.ActiveCfg = Release|Any CPU
		{6AE395BE-2AF2-4693-990E-BB0271F01825}.Release|Any CPU.Build.0 = Release|Any CPU
	EndGlobalSection
	GlobalSection(SolutionProperties) = preSolution
		HideSolutionNode = FALSE
	EndGlobalSection
	GlobalSection(ExtensibilityGlobals) = postSolution
		SolutionGuid = {65CF646B-9C6E-4E81-9A31-09492ADB4228}
	EndGlobalSection
EndGlobal
